
Microsoft Visual Studio Solution File, Format Version 12.00
# Visual Studio Version 17
VisualStudioVersion = 17.0.31903.59
MinimumVisualStudioVersion = 10.0.40219.1
Project("{FAE04EC0-301F-11D3-BF4B-00C04F79EFBC}") = "Dungeons And Dragons Character Manager", "Dungeons And Dragons Character Manager\Dungeons And Dragons Character Manager.csproj", "{30DB1D95-18B9-4A28-907E-56D1843A94B4}"
EndProject
Global
	GlobalSection(SolutionConfigurationPlatforms) = preSolution
		Debug|Any CPU = Debug|Any CPU
		Release|Any CPU = Release|Any CPU
	EndGlobalSection
	GlobalSection(SolutionProperties) = preSolution
		HideSolutionNode = FALSE
	EndGlobalSection
	GlobalSection(ProjectConfigurationPlatforms) = postSolution
		{30DB1D95-18B9-4A28-907E-56D1843A94B4}.Debug|Any CPU.ActiveCfg = Debug|Any CPU
		{30DB1D95-18B9-4A28-907E-56D1843A94B4}.Debug|Any CPU.Build.0 = Debug|Any CPU
		{30DB1D95-18B9-4A28-907E-56D1843A94B4}.Release|Any CPU.ActiveCfg = Release|Any CPU
		{30DB1D95-18B9-4A28-907E-56D1843A94B4}.Release|Any CPU.Build.0 = Release|Any CPU
	EndGlobalSection
EndGlobal
